# This file is automatically @generated by Cargo.
# It is not intended for manual editing.
[[package]]
name = "bdsm"
version = "0.1.0"
dependencies = [
 "rargsxd",
 "yaml-rust",
]

[[package]]
name = "linked-hash-map"
version = "0.5.4"
source = "registry+https://github.com/rust-lang/crates.io-index"
checksum = "7fb9b38af92608140b86b693604b9ffcc5824240a484d1ecd4795bacb2fe88f3"

[[package]]
name = "rargsxd"
version = "0.1.5"
source = "registry+https://github.com/rust-lang/crates.io-index"
checksum = "059aab69ce92156b6ef33d9c8bf634af0598aefc682ea085deb65d535200e1f5"

[[package]]
name = "yaml-rust"
version = "0.4.5"
source = "registry+https://github.com/rust-lang/crates.io-index"
checksum = "56c1936c4cc7a1c9ab21a1ebb602eb942ba868cbd44a99cb7cdc5892335e1c85"
dependencies = [
 "linked-hash-map",
]
